{
  "name": "just-monorepo",
  "version": "0.0.0",
  "lockfileVersion": 2,
  "requires": true,
  "packages": {
    "": {
      "name": "just-monorepo",
      "version": "0.0.0",
      "workspaces": [
        "packages/*"
      ],
      "devDependencies": {
        "typescript": "^4.4.3"
      }
    },
    "node_modules/@just-monorepo/client": {
      "resolved": "packages/client",
      "link": true
    },
    "node_modules/@just-monorepo/server": {
      "resolved": "packages/server",
      "link": true
    },
    "node_modules/@just-monorepo/types": {
      "resolved": "packages/types",
      "link": true
    },
    "node_modules/@just-monorepo/utils": {
      "resolved": "packages/utils",
      "link": true
    },
    "node_modules/typescript": {
      "version": "4.4.3",
      "resolved": "https://registry.npmjs.org/typescript/-/typescript-4.4.3.tgz",
      "integrity": "sha512-4xfscpisVgqqDfPaJo5vkd+Qd/ItkoagnHpufr+i2QCHBsNYp+G7UAoyFl8aPtx879u38wPV65rZ8qbGZijalA==",
      "dev": true,
      "bin": {
        "tsc": "bin/tsc",
        "tsserver": "bin/tsserver"
      },
      "engines": {
        "node": ">=4.2.0"
      }
    },
    "packages/client": {
      "name": "@just-monorepo/client",
      "version": "0.0.0",
      "license": "MIT"
    },
    "packages/server": {
      "name": "@just-monorepo/server",
      "version": "0.0.0",
      "license": "MIT"
    },
    "packages/types": {
      "name": "@just-monorepo/types",
      "version": "0.0.0",
      "license": "MIT"
    },
    "packages/utils": {
      "name": "@just-monorepo/utils",
      "version": "0.0.0",
      "license": "MIT",
      "devDependencies": {
        "@just-monorepo/types": "0.0.0"
      }
    }
  },
  "dependencies": {
    "@just-monorepo/client": {
      "version": "file:packages/client"
    },
    "@just-monorepo/server": {
      "version": "file:packages/server"
    },
    "@just-monorepo/types": {
      "version": "file:packages/types"
    },
    "@just-monorepo/utils": {
      "version": "file:packages/utils",
      "requires": {
        "@just-monorepo/types": "0.0.0"
      }
    },
    "typescript": {
      "version": "4.4.3",
      "resolved": "https://registry.npmjs.org/typescript/-/typescript-4.4.3.tgz",
      "integrity": "sha512-4xfscpisVgqqDfPaJo5vkd+Qd/ItkoagnHpufr+i2QCHBsNYp+G7UAoyFl8aPtx879u38wPV65rZ8qbGZijalA==",
      "dev": true
    }
  }
}
